{
  "name": "gamesir-g7-controllers",
  "version": "1.0.0",
  "lockfileVersion": 3,
  "requires": true,
  "packages": {
    "": {
      "name": "gamesir-g7-controllers",
      "version": "1.0.0",
      "license": "ISC",
      "dependencies": {
        "linux-joystick": "^1.0.2"
      }
    },
    "node_modules/linux-joystick": {
      "version": "1.0.2",
      "resolved": "https://registry.npmjs.org/linux-joystick/-/linux-joystick-1.0.2.tgz",
      "integrity": "sha512-mZXdv2ADTkPJFnUefZcuJyWIj5etwCFq5LpD/QRTFGLy1BNCPtgmGo0a0mFbTjwaC2SKvanMNfaOVnxguLQgfg==",
      "license": "ISC"
    }
  }
}
